
Microsoft Visual Studio Solution File, Format Version 12.00
# Visual Studio Version 16
VisualStudioVersion = 16.0.30011.22
MinimumVisualStudioVersion = 10.0.40219.1
Project("{FAE04EC0-301F-11D3-BF4B-00C04F79EFBC}") = "MobilityScm.Utilerias.Win", "MobilityScm.Utilerias.Win.csproj", "{1B1BE4A6-D9B0-4FA7-B3A7-9BFBA0352349}"
EndProject
Global
	GlobalSection(SolutionConfigurationPlatforms) = preSolution
		Debug|Any CPU = Debug|Any CPU
		Release|Any CPU = Release|Any CPU
	EndGlobalSection
	GlobalSection(ProjectConfigurationPlatforms) = postSolution
		{1B1BE4A6-D9B0-4FA7-B3A7-9BFBA0352349}.Debug|Any CPU.ActiveCfg = Debug|Any CPU
		{1B1BE4A6-D9B0-4FA7-B3A7-9BFBA0352349}.Debug|Any CPU.Build.0 = Debug|Any CPU
		{1B1BE4A6-D9B0-4FA7-B3A7-9BFBA0352349}.Release|Any CPU.ActiveCfg = Release|Any CPU
		{1B1BE4A6-D9B0-4FA7-B3A7-9BFBA0352349}.Release|Any CPU.Build.0 = Release|Any CPU
	EndGlobalSection
	GlobalSection(SolutionProperties) = preSolution
		HideSolutionNode = FALSE
	EndGlobalSection
	GlobalSection(ExtensibilityGlobals) = postSolution
		SolutionGuid = {1A5708EA-92B3-4D34-BD90-7249BFEAB9E1}
	EndGlobalSection
EndGlobal
